// !$*UTF8*$!
{
	archiveVersion = 1;
	classes = {
	};
	objectVersion = 51;
	objects = {

/* Begin PBXBuildFile section */
		04AEF828259D960800C3DA08 /* AppDelegate.swift in Sources */ = {isa = PBXBuildFile; fileRef = 04AEF827259D960800C3DA08 /* AppDelegate.swift */; };
		04AEF831259D960900C3DA08 /* Assets.xcassets in Resources */ = {isa = PBXBuildFile; fileRef = 04AEF830259D960900C3DA08 /* Assets.xcassets */; };
		04AEF834259D960900C3DA08 /* LaunchScreen.storyboard in Resources */ = {isa = PBXBuildFile; fileRef = 04AEF832259D960900C3DA08 /* LaunchScreen.storyboard */; };
		04AEF83F259D960900C3DA08 /* brandiTests.swift in Sources */ = {isa = PBXBuildFile; fileRef = 04AEF83E259D960900C3DA08 /* brandiTests.swift */; };
		04AEF84A259D960900C3DA08 /* brandiUITests.swift in Sources */ = {isa = PBXBuildFile; fileRef = 04AEF849259D960900C3DA08 /* brandiUITests.swift */; };
		04AEF898259D9C3300C3DA08 /* Item.swift in Sources */ = {isa = PBXBuildFile; fileRef = 04AEF897259D9C3300C3DA08 /* Item.swift */; };
		4A1A68DFAE7A9B987D1709D1 /* Pods_brandi_brandiUITests.framework in Frameworks */ = {isa = PBXBuildFile; fileRef = A3A3A440CA7C7D9CEDC5D160 /* Pods_brandi_brandiUITests.framework */; };
		D5C9BF1F9EDE71F0837F8B90 /* Pods_brandi.framework in Frameworks */ = {isa = PBXBuildFile; fileRef = AA69C85DCE4F10691689F930 /* Pods_brandi.framework */; };
		E15ED6E98C1597A833E92E27 /* Pods_brandiTests.framework in Frameworks */ = {isa = PBXBuildFile; fileRef = AAF61673C027234B574D2DB0 /* Pods_brandiTests.framework */; };
/* End PBXBuildFile section */

/* Begin PBXContainerItemProxy section */
		04AEF83B259D960900C3DA08 /* PBXContainerItemProxy */ = {
			isa = PBXContainerItemProxy;
			containerPortal = 04AEF81C259D960800C3DA08 /* Project object */;
			proxyType = 1;
			remoteGlobalIDString = 04AEF823259D960800C3DA08;
			remoteInfo = brandi;
		};
		04AEF846259D960900C3DA08 /* PBXContainerItemProxy */ = {
			isa = PBXContainerItemProxy;
			containerPortal = 04AEF81C259D960800C3DA08 /* Project object */;
			proxyType = 1;
			remoteGlobalIDString = 04AEF823259D960800C3DA08;
			remoteInfo = brandi;
		};
/* End PBXContainerItemProxy section */

/* Begin PBXFileReference section */
		04AEF824259D960800C3DA08 /* brandi.app */ = {isa = PBXFileReference; explicitFileType = wrapper.application; includeInIndex = 0; path = brandi.app; sourceTree = BUILT_PRODUCTS_DIR; };
		04AEF827259D960800C3DA08 /* AppDelegate.swift */ = {isa = PBXFileReference; lastKnownFileType = sourcecode.swift; path = AppDelegate.swift; sourceTree = "<group>"; };
		04AEF830259D960900C3DA08 /* Assets.xcassets */ = {isa = PBXFileReference; lastKnownFileType = folder.assetcatalog; path = Assets.xcassets; sourceTree = "<group>"; };
		04AEF833259D960900C3DA08 /* Base */ = {isa = PBXFileReference; lastKnownFileType = file.storyboard; name = Base; path = Base.lproj/LaunchScreen.storyboard; sourceTree = "<group>"; };
		04AEF835259D960900C3DA08 /* Info.plist */ = {isa = PBXFileReference; lastKnownFileType = text.plist.xml; path = Info.plist; sourceTree = "<group>"; };
		04AEF83A259D960900C3DA08 /* brandiTests.xctest */ = {isa = PBXFileReference; explicitFileType = wrapper.cfbundle; includeInIndex = 0; path = brandiTests.xctest; sourceTree = BUILT_PRODUCTS_DIR; };
		04AEF83E259D960900C3DA08 /* brandiTests.swift */ = {isa = PBXFileReference; lastKnownFileType = sourcecode.swift; path = brandiTests.swift; sourceTree = "<group>"; };
		04AEF840259D960900C3DA08 /* Info.plist */ = {isa = PBXFileReference; lastKnownFileType = text.plist.xml; path = Info.plist; sourceTree = "<group>"; };
		04AEF845259D960900C3DA08 /* brandiUITests.xctest */ = {isa = PBXFileReference; explicitFileType = wrapper.cfbundle; includeInIndex = 0; path = brandiUITests.xctest; sourceTree = BUILT_PRODUCTS_DIR; };
		04AEF849259D960900C3DA08 /* brandiUITests.swift */ = {isa = PBXFileReference; lastKnownFileType = sourcecode.swift; path = brandiUITests.swift; sourceTree = "<group>"; };
		04AEF84B259D960900C3DA08 /* Info.plist */ = {isa = PBXFileReference; lastKnownFileType = text.plist.xml; path = Info.plist; sourceTree = "<group>"; };
		04AEF897259D9C3300C3DA08 /* Item.swift */ = {isa = PBXFileReference; lastKnownFileType = sourcecode.swift; path = Item.swift; sourceTree = "<group>"; };
		29AB63A450040B21CD646FE3 /* Pods-brandiTests.debug.xcconfig */ = {isa = PBXFileReference; includeInIndex = 1; lastKnownFileType = text.xcconfig; name = "Pods-brandiTests.debug.xcconfig"; path = "Target Support Files/Pods-brandiTests/Pods-brandiTests.debug.xcconfig"; sourceTree = "<group>"; };
		3218AB74185779B6086FA0C6 /* Pods-brandi.release.xcconfig */ = {isa = PBXFileReference; includeInIndex = 1; lastKnownFileType = text.xcconfig; name = "Pods-brandi.release.xcconfig"; path = "Target Support Files/Pods-brandi/Pods-brandi.release.xcconfig"; sourceTree = "<group>"; };
		65C1DDE9B11E04F638BE8E12 /* Pods-brandi-brandiUITests.debug.xcconfig */ = {isa = PBXFileReference; includeInIndex = 1; lastKnownFileType = text.xcconfig; name = "Pods-brandi-brandiUITests.debug.xcconfig"; path = "Target Support Files/Pods-brandi-brandiUITests/Pods-brandi-brandiUITests.debug.xcconfig"; sourceTree = "<group>"; };
		78A7FC4AD62A5810FE52D306 /* Pods-brandi-brandiUITests.release.xcconfig */ = {isa = PBXFileReference; includeInIndex = 1; lastKnownFileType = text.xcconfig; name = "Pods-brandi-brandiUITests.release.xcconfig"; path = "Target Support Files/Pods-brandi-brandiUITests/Pods-brandi-brandiUITests.release.xcconfig"; sourceTree = "<group>"; };
		7A05BD4463EAF347FC58364B /* Pods-brandiTests.release.xcconfig */ = {isa = PBXFileReference; includeInIndex = 1; lastKnownFileType = text.xcconfig; name = "Pods-brandiTests.release.xcconfig"; path = "Target Support Files/Pods-brandiTests/Pods-brandiTests.release.xcconfig"; sourceTree = "<group>"; };
		7B9632F26438AA68326055C5 /* Pods-brandi.debug.xcconfig */ = {isa = PBXFileReference; includeInIndex = 1; lastKnownFileType = text.xcconfig; name = "Pods-brandi.debug.xcconfig"; path = "Target Support Files/Pods-brandi/Pods-brandi.debug.xcconfig"; sourceTree = "<group>"; };
		A3A3A440CA7C7D9CEDC5D160 /* Pods_brandi_brandiUITests.framework */ = {isa = PBXFileReference; explicitFileType = wrapper.framework; includeInIndex = 0; path = Pods_brandi_brandiUITests.framework; sourceTree = BUILT_PRODUCTS_DIR; };
		AA69C85DCE4F10691689F930 /* Pods_brandi.framework */ = {isa = PBXFileReference; explicitFileType = wrapper.framework; includeInIndex = 0; path = Pods_brandi.framework; sourceTree = BUILT_PRODUCTS_DIR; };
		AAF61673C027234B574D2DB0 /* Pods_brandiTests.framework */ = {isa = PBXFileReference; explicitFileType = wrapper.framework; includeInIndex = 0; path = Pods_brandiTests.framework; sourceTree = BUILT_PRODUCTS_DIR; };
/* End PBXFileReference section */

/* Begin PBXFrameworksBuildPhase section */
		04AEF821259D960800C3DA08 /* Frameworks */ = {
			isa = PBXFrameworksBuildPhase;
			buildActionMask = 2147483647;
			files = (
				D5C9BF1F9EDE71F0837F8B90 /* Pods_brandi.framework in Frameworks */,
			);
			runOnlyForDeploymentPostprocessing = 0;
		};
		04AEF837259D960900C3DA08 /* Frameworks */ = {
			isa = PBXFrameworksBuildPhase;
			buildActionMask = 2147483647;
			files = (
				E15ED6E98C1597A833E92E27 /* Pods_brandiTests.framework in Frameworks */,
			);
			runOnlyForDeploymentPostprocessing = 0;
		};
		04AEF842259D960900C3DA08 /* Frameworks */ = {
			isa = PBXFrameworksBuildPhase;
			buildActionMask = 2147483647;
			files = (
				4A1A68DFAE7A9B987D1709D1 /* Pods_brandi_brandiUITests.framework in Frameworks */,
			);
			runOnlyForDeploymentPostprocessing = 0;
		};
/* End PBXFrameworksBuildPhase section */

/* Begin PBXGroup section */
		04AEF81B259D960800C3DA08 = {
			isa = PBXGroup;
			children = (
				04AEF826259D960800C3DA08 /* brandi */,
				04AEF83D259D960900C3DA08 /* brandiTests */,
				04AEF848259D960900C3DA08 /* brandiUITests */,
				04AEF825259D960800C3DA08 /* Products */,
				8238A7C53FFD78C6474CA8E9 /* Pods */,
				24D2B7E38009C71A3CA542E6 /* Frameworks */,
			);
			sourceTree = "<group>";
		};
		04AEF825259D960800C3DA08 /* Products */ = {
			isa = PBXGroup;
			children = (
				04AEF824259D960800C3DA08 /* brandi.app */,
				04AEF83A259D960900C3DA08 /* brandiTests.xctest */,
				04AEF845259D960900C3DA08 /* brandiUITests.xctest */,
			);
			name = Products;
			sourceTree = "<group>";
		};
		04AEF826259D960800C3DA08 /* brandi */ = {
			isa = PBXGroup;
			children = (
				04AEF896259D9C2200C3DA08 /* Common */,
				04AEF827259D960800C3DA08 /* AppDelegate.swift */,
				04AEF830259D960900C3DA08 /* Assets.xcassets */,
				04AEF832259D960900C3DA08 /* LaunchScreen.storyboard */,
				04AEF835259D960900C3DA08 /* Info.plist */,
			);
			path = brandi;
			sourceTree = "<group>";
		};
		04AEF83D259D960900C3DA08 /* brandiTests */ = {
			isa = PBXGroup;
			children = (
				04AEF83E259D960900C3DA08 /* brandiTests.swift */,
				04AEF840259D960900C3DA08 /* Info.plist */,
			);
			path = brandiTests;
			sourceTree = "<group>";
		};
		04AEF848259D960900C3DA08 /* brandiUITests */ = {
			isa = PBXGroup;
			children = (
				04AEF849259D960900C3DA08 /* brandiUITests.swift */,
				04AEF84B259D960900C3DA08 /* Info.plist */,
			);
			path = brandiUITests;
			sourceTree = "<group>";
		};
		04AEF896259D9C2200C3DA08 /* Common */ = {
			isa = PBXGroup;
			children = (
				04AEF897259D9C3300C3DA08 /* Item.swift */,
			);
			path = Common;
			sourceTree = "<group>";
		};
		24D2B7E38009C71A3CA542E6 /* Frameworks */ = {
			isa = PBXGroup;
			children = (
				AA69C85DCE4F10691689F930 /* Pods_brandi.framework */,
				A3A3A440CA7C7D9CEDC5D160 /* Pods_brandi_brandiUITests.framework */,
				AAF61673C027234B574D2DB0 /* Pods_brandiTests.framework */,
			);
			name = Frameworks;
			sourceTree = "<group>";
		};
		8238A7C53FFD78C6474CA8E9 /* Pods */ = {
			isa = PBXGroup;
			children = (
				7B9632F26438AA68326055C5 /* Pods-brandi.debug.xcconfig */,
				3218AB74185779B6086FA0C6 /* Pods-brandi.release.xcconfig */,
				65C1DDE9B11E04F638BE8E12 /* Pods-brandi-brandiUITests.debug.xcconfig */,
				78A7FC4AD62A5810FE52D306 /* Pods-brandi-brandiUITests.release.xcconfig */,
				29AB63A450040B21CD646FE3 /* Pods-brandiTests.debug.xcconfig */,
				7A05BD4463EAF347FC58364B /* Pods-brandiTests.release.xcconfig */,
			);
			path = Pods;
			sourceTree = "<group>";
		};
/* End PBXGroup section */

/* Begin PBXNativeTarget section */
		04AEF823259D960800C3DA08 /* brandi */ = {
			isa = PBXNativeTarget;
			buildConfigurationList = 04AEF84E259D960900C3DA08 /* Build configuration list for PBXNativeTarget "brandi" */;
			buildPhases = (
				75EBC78892DC5C242208B1E3 /* [CP] Check Pods Manifest.lock */,
				04AEF820259D960800C3DA08 /* Sources */,
				04AEF821259D960800C3DA08 /* Frameworks */,
				04AEF822259D960800C3DA08 /* Resources */,
				A09AF7BD1E4A4BB08685C73F /* [CP] Embed Pods Frameworks */,
			);
			buildRules = (
			);
			dependencies = (
			);
			name = brandi;
			productName = brandi;
			productReference = 04AEF824259D960800C3DA08 /* brandi.app */;
			productType = "com.apple.product-type.application";
		};
		04AEF839259D960900C3DA08 /* brandiTests */ = {
			isa = PBXNativeTarget;
			buildConfigurationList = 04AEF851259D960900C3DA08 /* Build configuration list for PBXNativeTarget "brandiTests" */;
			buildPhases = (
				DBAC31A7E22CF675F31A82E5 /* [CP] Check Pods Manifest.lock */,
				04AEF836259D960900C3DA08 /* Sources */,
				04AEF837259D960900C3DA08 /* Frameworks */,
				04AEF838259D960900C3DA08 /* Resources */,
			);
			buildRules = (
			);
			dependencies = (
				04AEF83C259D960900C3DA08 /* PBXTargetDependency */,
			);
			name = brandiTests;
			productName = brandiTests;
			productReference = 04AEF83A259D960900C3DA08 /* brandiTests.xctest */;
			productType = "com.apple.product-type.bundle.unit-test";
		};
		04AEF844259D960900C3DA08 /* brandiUITests */ = {
			isa = PBXNativeTarget;
			buildConfigurationList = 04AEF854259D960900C3DA08 /* Build configuration list for PBXNativeTarget "brandiUITests" */;
			buildPhases = (
				80EDC6A56C6890B3D74F21EA /* [CP] Check Pods Manifest.lock */,
				04AEF841259D960900C3DA08 /* Sources */,
				04AEF842259D960900C3DA08 /* Frameworks */,
				04AEF843259D960900C3DA08 /* Resources */,
				70EC2985AC42744DB1493400 /* [CP] Embed Pods Frameworks */,
			);
			buildRules = (
			);
			dependencies = (
				04AEF847259D960900C3DA08 /* PBXTargetDependency */,
			);
			name = brandiUITests;
			productName = brandiUITests;
			productReference = 04AEF845259D960900C3DA08 /* brandiUITests.xctest */;
			productType = "com.apple.product-type.bundle.ui-testing";
		};
/* End PBXNativeTarget section */

/* Begin PBXProject section */
		04AEF81C259D960800C3DA08 /* Project object */ = {
			isa = PBXProject;
			attributes = {
				LastSwiftUpdateCheck = 1230;
				LastUpgradeCheck = 1230;
				TargetAttributes = {
					04AEF823259D960800C3DA08 = {
						CreatedOnToolsVersion = 12.3;
					};
					04AEF839259D960900C3DA08 = {
						CreatedOnToolsVersion = 12.3;
						TestTargetID = 04AEF823259D960800C3DA08;
					};
					04AEF844259D960900C3DA08 = {
						CreatedOnToolsVersion = 12.3;
						TestTargetID = 04AEF823259D960800C3DA08;
					};
				};
			};
			buildConfigurationList = 04AEF81F259D960800C3DA08 /* Build configuration list for PBXProject "brandi" */;
			compatibilityVersion = "Xcode 9.3";
			developmentRegion = en;
			hasScannedForEncodings = 0;
			knownRegions = (
				en,
				Base,
			);
			mainGroup = 04AEF81B259D960800C3DA08;
			productRefGroup = 04AEF825259D960800C3DA08 /* Products */;
			projectDirPath = "";
			projectRoot = "";
			targets = (
				04AEF823259D960800C3DA08 /* brandi */,
				04AEF839259D960900C3DA08 /* brandiTests */,
				04AEF844259D960900C3DA08 /* brandiUITests */,
			);
		};
/* End PBXProject section */

/* Begin PBXResourcesBuildPhase section */
		04AEF822259D960800C3DA08 /* Resources */ = {
			isa = PBXResourcesBuildPhase;
			buildActionMask = 2147483647;
			files = (
				04AEF834259D960900C3DA08 /* LaunchScreen.storyboard in Resources */,
				04AEF831259D960900C3DA08 /* Assets.xcassets in Resources */,
			);
			runOnlyForDeploymentPostprocessing = 0;
		};
		04AEF838259D960900C3DA08 /* Resources */ = {
			isa = PBXResourcesBuildPhase;
			buildActionMask = 2147483647;
			files = (
			);
			runOnlyForDeploymentPostprocessing = 0;
		};
		04AEF843259D960900C3DA08 /* Resources */ = {
			isa = PBXResourcesBuildPhase;
			buildActionMask = 2147483647;
			files = (
			);
			runOnlyForDeploymentPostprocessing = 0;
		};
/* End PBXResourcesBuildPhase section */

/* Begin PBXShellScriptBuildPhase section */
		70EC2985AC42744DB1493400 /* [CP] Embed Pods Frameworks */ = {
			isa = PBXShellScriptBuildPhase;
			buildActionMask = 2147483647;
			files = (
			);
			inputFileListPaths = (
				"${PODS_ROOT}/Target Support Files/Pods-brandi-brandiUITests/Pods-brandi-brandiUITests-frameworks-${CONFIGURATION}-input-files.xcfilelist",
			);
			name = "[CP] Embed Pods Frameworks";
			outputFileListPaths = (
				"${PODS_ROOT}/Target Support Files/Pods-brandi-brandiUITests/Pods-brandi-brandiUITests-frameworks-${CONFIGURATION}-output-files.xcfilelist",
			);
			runOnlyForDeploymentPostprocessing = 0;
			shellPath = /bin/sh;
			shellScript = "\"${PODS_ROOT}/Target Support Files/Pods-brandi-brandiUITests/Pods-brandi-brandiUITests-frameworks.sh\"\n";
			showEnvVarsInLog = 0;
		};
		75EBC78892DC5C242208B1E3 /* [CP] Check Pods Manifest.lock */ = {
			isa = PBXShellScriptBuildPhase;
			buildActionMask = 2147483647;
			files = (
			);
			inputFileListPaths = (
			);
			inputPaths = (
				"${PODS_PODFILE_DIR_PATH}/Podfile.lock",
				"${PODS_ROOT}/Manifest.lock",
			);
			name = "[CP] Check Pods Manifest.lock";
			outputFileListPaths = (
			);
			outputPaths = (
				"$(DERIVED_FILE_DIR)/Pods-brandi-checkManifestLockResult.txt",
			);
			runOnlyForDeploymentPostprocessing = 0;
			shellPath = /bin/sh;
			shellScript = "diff \"${PODS_PODFILE_DIR_PATH}/Podfile.lock\" \"${PODS_ROOT}/Manifest.lock\" > /dev/null\nif [ $? != 0 ] ; then\n    # print error to STDERR\n    echo \"error: The sandbox is not in sync with the Podfile.lock. Run 'pod install' or update your CocoaPods installation.\" >&2\n    exit 1\nfi\n# This output is used by Xcode 'outputs' to avoid re-running this script phase.\necho \"SUCCESS\" > \"${SCRIPT_OUTPUT_FILE_0}\"\n";
			showEnvVarsInLog = 0;
		};
		80EDC6A56C6890B3D74F21EA /* [CP] Check Pods Manifest.lock */ = {
			isa = PBXShellScriptBuildPhase;
			buildActionMask = 2147483647;
			files = (
			);
			inputFileListPaths = (
			);
			inputPaths = (
				"${PODS_PODFILE_DIR_PATH}/Podfile.lock",
				"${PODS_ROOT}/Manifest.lock",
			);
			name = "[CP] Check Pods Manifest.lock";
			outputFileListPaths = (
			);
			outputPaths = (
				"$(DERIVED_FILE_DIR)/Pods-brandi-brandiUITests-checkManifestLockResult.txt",
			);
			runOnlyForDeploymentPostprocessing = 0;
			shellPath = /bin/sh;
			shellScript = "diff \"${PODS_PODFILE_DIR_PATH}/Podfile.lock\" \"${PODS_ROOT}/Manifest.lock\" > /dev/null\nif [ $? != 0 ] ; then\n    # print error to STDERR\n    echo \"error: The sandbox is not in sync with the Podfile.lock. Run 'pod install' or update your CocoaPods installation.\" >&2\n    exit 1\nfi\n# This output is used by Xcode 'outputs' to avoid re-running this script phase.\necho \"SUCCESS\" > \"${SCRIPT_OUTPUT_FILE_0}\"\n";
			showEnvVarsInLog = 0;
		};
		A09AF7BD1E4A4BB08685C73F /* [CP] Embed Pods Frameworks */ = {
			isa = PBXShellScriptBuildPhase;
			buildActionMask = 2147483647;
			files = (
			);
			inputFileListPaths = (
				"${PODS_ROOT}/Target Support Files/Pods-brandi/Pods-brandi-frameworks-${CONFIGURATION}-input-files.xcfilelist",
			);
			name = "[CP] Embed Pods Frameworks";
			outputFileListPaths = (
				"${PODS_ROOT}/Target Support Files/Pods-brandi/Pods-brandi-frameworks-${CONFIGURATION}-output-files.xcfilelist",
			);
			runOnlyForDeploymentPostprocessing = 0;
			shellPath = /bin/sh;
			shellScript = "\"${PODS_ROOT}/Target Support Files/Pods-brandi/Pods-brandi-frameworks.sh\"\n";
			showEnvVarsInLog = 0;
		};
		DBAC31A7E22CF675F31A82E5 /* [CP] Check Pods Manifest.lock */ = {
			isa = PBXShellScriptBuildPhase;
			buildActionMask = 2147483647;
			files = (
			);
			inputFileListPaths = (
			);
			inputPaths = (
				"${PODS_PODFILE_DIR_PATH}/Podfile.lock",
				"${PODS_ROOT}/Manifest.lock",
			);
			name = "[CP] Check Pods Manifest.lock";
			outputFileListPaths = (
			);
			outputPaths = (
				"$(DERIVED_FILE_DIR)/Pods-brandiTests-checkManifestLockResult.txt",
			);
			runOnlyForDeploymentPostprocessing = 0;
			shellPath = /bin/sh;
			shellScript = "diff \"${PODS_PODFILE_DIR_PATH}/Podfile.lock\" \"${PODS_ROOT}/Manifest.lock\" > /dev/null\nif [ $? != 0 ] ; then\n    # print error to STDERR\n    echo \"error: The sandbox is not in sync with the Podfile.lock. Run 'pod install' or update your CocoaPods installation.\" >&2\n    exit 1\nfi\n# This output is used by Xcode 'outputs' to avoid re-running this script phase.\necho \"SUCCESS\" > \"${SCRIPT_OUTPUT_FILE_0}\"\n";
			showEnvVarsInLog = 0;
		};
/* End PBXShellScriptBuildPhase section */

/* Begin PBXSourcesBuildPhase section */
		04AEF820259D960800C3DA08 /* Sources */ = {
			isa = PBXSourcesBuildPhase;
			buildActionMask = 2147483647;
			files = (
				04AEF898259D9C3300C3DA08 /* Item.swift in Sources */,
				04AEF828259D960800C3DA08 /* AppDelegate.swift in Sources */,
			);
			runOnlyForDeploymentPostprocessing = 0;
		};
		04AEF836259D960900C3DA08 /* Sources */ = {
			isa = PBXSourcesBuildPhase;
			buildActionMask = 2147483647;
			files = (
				04AEF83F259D960900C3DA08 /* brandiTests.swift in Sources */,
			);
			runOnlyForDeploymentPostprocessing = 0;
		};
		04AEF841259D960900C3DA08 /* Sources */ = {
			isa = PBXSourcesBuildPhase;
			buildActionMask = 2147483647;
			files = (
				04AEF84A259D960900C3DA08 /* brandiUITests.swift in Sources */,
			);
			runOnlyForDeploymentPostprocessing = 0;
		};
/* End PBXSourcesBuildPhase section */

/* Begin PBXTargetDependency section */
		04AEF83C259D960900C3DA08 /* PBXTargetDependency */ = {
			isa = PBXTargetDependency;
			target = 04AEF823259D960800C3DA08 /* brandi */;
			targetProxy = 04AEF83B259D960900C3DA08 /* PBXContainerItemProxy */;
		};
		04AEF847259D960900C3DA08 /* PBXTargetDependency */ = {
			isa = PBXTargetDependency;
			target = 04AEF823259D960800C3DA08 /* brandi */;
			targetProxy = 04AEF846259D960900C3DA08 /* PBXContainerItemProxy */;
		};
/* End PBXTargetDependency section */

/* Begin PBXVariantGroup section */
		04AEF832259D960900C3DA08 /* LaunchScreen.storyboard */ = {
			isa = PBXVariantGroup;
			children = (
				04AEF833259D960900C3DA08 /* Base */,
			);
			name = LaunchScreen.storyboard;
			sourceTree = "<group>";
		};
/* End PBXVariantGroup section */

/* Begin XCBuildConfiguration section */
		04AEF84C259D960900C3DA08 /* Debug */ = {
			isa = XCBuildConfiguration;
			buildSettings = {
				ALWAYS_SEARCH_USER_PATHS = NO;
				CLANG_ANALYZER_NONNULL = YES;
				CLANG_ANALYZER_NUMBER_OBJECT_CONVERSION = YES_AGGRESSIVE;
				CLANG_CXX_LANGUAGE_STANDARD = "gnu++14";
				CLANG_CXX_LIBRARY = "libc++";
				CLANG_ENABLE_MODULES = YES;
				CLANG_ENABLE_OBJC_ARC = YES;
				CLANG_ENABLE_OBJC_WEAK = YES;
				CLANG_WARN_BLOCK_CAPTURE_AUTORELEASING = YES;
				CLANG_WARN_BOOL_CONVERSION = YES;
				CLANG_WARN_COMMA = YES;
				CLANG_WARN_CONSTANT_CONVERSION = YES;
				CLANG_WARN_DEPRECATED_OBJC_IMPLEMENTATIONS = YES;
				CLANG_WARN_DIRECT_OBJC_ISA_USAGE = YES_ERROR;
				CLANG_WARN_DOCUMENTATION_COMMENTS = YES;
				CLANG_WARN_EMPTY_BODY = YES;
				CLANG_WARN_ENUM_CONVERSION = YES;
				CLANG_WARN_INFINITE_RECURSION = YES;
				CLANG_WARN_INT_CONVERSION = YES;
				CLANG_WARN_NON_LITERAL_NULL_CONVERSION = YES;
				CLANG_WARN_OBJC_IMPLICIT_RETAIN_SELF = YES;
				CLANG_WARN_OBJC_LITERAL_CONVERSION = YES;
				CLANG_WARN_OBJC_ROOT_CLASS = YES_ERROR;
				CLANG_WARN_QUOTED_INCLUDE_IN_FRAMEWORK_HEADER = YES;
				CLANG_WARN_RANGE_LOOP_ANALYSIS = YES;
				CLANG_WARN_STRICT_PROTOTYPES = YES;
				CLANG_WARN_SUSPICIOUS_MOVE = YES;
				CLANG_WARN_UNGUARDED_AVAILABILITY = YES_AGGRESSIVE;
				CLANG_WARN_UNREACHABLE_CODE = YES;
				CLANG_WARN__DUPLICATE_METHOD_MATCH = YES;
				COPY_PHASE_STRIP = NO;
				DEBUG_INFORMATION_FORMAT = dwarf;
				ENABLE_STRICT_OBJC_MSGSEND = YES;
				ENABLE_TESTABILITY = YES;
				GCC_C_LANGUAGE_STANDARD = gnu11;
				GCC_DYNAMIC_NO_PIC = NO;
				GCC_NO_COMMON_BLOCKS = YES;
				GCC_OPTIMIZATION_LEVEL = 0;
				GCC_PREPROCESSOR_DEFINITIONS = (
					"DEBUG=1",
					"$(inherited)",
				);
				GCC_WARN_64_TO_32_BIT_CONVERSION = YES;
				GCC_WARN_ABOUT_RETURN_TYPE = YES_ERROR;
				GCC_WARN_UNDECLARED_SELECTOR = YES;
				GCC_WARN_UNINITIALIZED_AUTOS = YES_AGGRESSIVE;
				GCC_WARN_UNUSED_FUNCTION = YES;
				GCC_WARN_UNUSED_VARIABLE = YES;
				IPHONEOS_DEPLOYMENT_TARGET = 14.3;
				MTL_ENABLE_DEBUG_INFO = INCLUDE_SOURCE;
				MTL_FAST_MATH = YES;
				ONLY_ACTIVE_ARCH = YES;
				SDKROOT = iphoneos;
				SWIFT_ACTIVE_COMPILATION_CONDITIONS = DEBUG;
				SWIFT_OPTIMIZATION_LEVEL = "-Onone";
			};
			name = Debug;
		};
		04AEF84D259D960900C3DA08 /* Release */ = {
			isa = XCBuildConfiguration;
			buildSettings = {
				ALWAYS_SEARCH_USER_PATHS = NO;
				CLANG_ANALYZER_NONNULL = YES;
				CLANG_ANALYZER_NUMBER_OBJECT_CONVERSION = YES_AGGRESSIVE;
				CLANG_CXX_LANGUAGE_STANDARD = "gnu++14";
				CLANG_CXX_LIBRARY = "libc++";
				CLANG_ENABLE_MODULES = YES;
				CLANG_ENABLE_OBJC_ARC = YES;
				CLANG_ENABLE_OBJC_WEAK = YES;
				CLANG_WARN_BLOCK_CAPTURE_AUTORELEASING = YES;
				CLANG_WARN_BOOL_CONVERSION = YES;
				CLANG_WARN_COMMA = YES;
				CLANG_WARN_CONSTANT_CONVERSION = YES;
				CLANG_WARN_DEPRECATED_OBJC_IMPLEMENTATIONS = YES;
				CLANG_WARN_DIRECT_OBJC_ISA_USAGE = YES_ERROR;
				CLANG_WARN_DOCUMENTATION_COMMENTS = YES;
				CLANG_WARN_EMPTY_BODY = YES;
				CLANG_WARN_ENUM_CONVERSION = YES;
				CLANG_WARN_INFINITE_RECURSION = YES;
				CLANG_WARN_INT_CONVERSION = YES;
				CLANG_WARN_NON_LITERAL_NULL_CONVERSION = YES;
				CLANG_WARN_OBJC_IMPLICIT_RETAIN_SELF = YES;
				CLANG_WARN_OBJC_LITERAL_CONVERSION = YES;
				CLANG_WARN_OBJC_ROOT_CLASS = YES_ERROR;
				CLANG_WARN_QUOTED_INCLUDE_IN_FRAMEWORK_HEADER = YES;
				CLANG_WARN_RANGE_LOOP_ANALYSIS = YES;
				CLANG_WARN_STRICT_PROTOTYPES = YES;
				CLANG_WARN_SUSPICIOUS_MOVE = YES;
				CLANG_WARN_UNGUARDED_AVAILABILITY = YES_AGGRESSIVE;
				CLANG_WARN_UNREACHABLE_CODE = YES;
				CLANG_WARN__DUPLICATE_METHOD_MATCH = YES;
				COPY_PHASE_STRIP = NO;
				DEBUG_INFORMATION_FORMAT = "dwarf-with-dsym";
				ENABLE_NS_ASSERTIONS = NO;
				ENABLE_STRICT_OBJC_MSGSEND = YES;
				GCC_C_LANGUAGE_STANDARD = gnu11;
				GCC_NO_COMMON_BLOCKS = YES;
				GCC_WARN_64_TO_32_BIT_CONVERSION = YES;
				GCC_WARN_ABOUT_RETURN_TYPE = YES_ERROR;
				GCC_WARN_UNDECLARED_SELECTOR = YES;
				GCC_WARN_UNINITIALIZED_AUTOS = YES_AGGRESSIVE;
				GCC_WARN_UNUSED_FUNCTION = YES;
				GCC_WARN_UNUSED_VARIABLE = YES;
				IPHONEOS_DEPLOYMENT_TARGET = 14.3;
				MTL_ENABLE_DEBUG_INFO = NO;
				MTL_FAST_MATH = YES;
				SDKROOT = iphoneos;
				SWIFT_COMPILATION_MODE = wholemodule;
				SWIFT_OPTIMIZATION_LEVEL = "-O";
				VALIDATE_PRODUCT = YES;
			};
			name = Release;
		};
		04AEF84F259D960900C3DA08 /* Debug */ = {
			isa = XCBuildConfiguration;
			baseConfigurationReference = 7B9632F26438AA68326055C5 /* Pods-brandi.debug.xcconfig */;
			buildSettings = {
				ASSETCATALOG_COMPILER_APPICON_NAME = AppIcon;
				ASSETCATALOG_COMPILER_GLOBAL_ACCENT_COLOR_NAME = AccentColor;
				CODE_SIGN_STYLE = Automatic;
				INFOPLIST_FILE = brandi/Info.plist;
				LD_RUNPATH_SEARCH_PATHS = (
					"$(inherited)",
					"@executable_path/Frameworks",
				);
				PRODUCT_BUNDLE_IDENTIFIER = brandi.brandi;
				PRODUCT_NAME = "$(TARGET_NAME)";
				SWIFT_VERSION = 5.0;
				TARGETED_DEVICE_FAMILY = "1,2";
			};
			name = Debug;
		};
		04AEF850259D960900C3DA08 /* Release */ = {
			isa = XCBuildConfiguration;
			baseConfigurationReference = 3218AB74185779B6086FA0C6 /* Pods-brandi.release.xcconfig */;
			buildSettings = {
				ASSETCATALOG_COMPILER_APPICON_NAME = AppIcon;
				ASSETCATALOG_COMPILER_GLOBAL_ACCENT_COLOR_NAME = AccentColor;
				CODE_SIGN_STYLE = Automatic;
				INFOPLIST_FILE = brandi/Info.plist;
				LD_RUNPATH_SEARCH_PATHS = (
					"$(inherited)",
					"@executable_path/Frameworks",
				);
				PRODUCT_BUNDLE_IDENTIFIER = brandi.brandi;
				PRODUCT_NAME = "$(TARGET_NAME)";
				SWIFT_VERSION = 5.0;
				TARGETED_DEVICE_FAMILY = "1,2";
			};
			name = Release;
		};
		04AEF852259D960900C3DA08 /* Debug */ = {
			isa = XCBuildConfiguration;
			baseConfigurationReference = 29AB63A450040B21CD646FE3 /* Pods-brandiTests.debug.xcconfig */;
			buildSettings = {
				ALWAYS_EMBED_SWIFT_STANDARD_LIBRARIES = YES;
				BUNDLE_LOADER = "$(TEST_HOST)";
				CODE_SIGN_STYLE = Automatic;
				INFOPLIST_FILE = brandiTests/Info.plist;
				IPHONEOS_DEPLOYMENT_TARGET = 14.3;
				LD_RUNPATH_SEARCH_PATHS = (
					"$(inherited)",
					"@executable_path/Frameworks",
					"@loader_path/Frameworks",
				);
				PRODUCT_BUNDLE_IDENTIFIER = brandi.brandiTests;
				PRODUCT_NAME = "$(TARGET_NAME)";
				SWIFT_VERSION = 5.0;
				TARGETED_DEVICE_FAMILY = "1,2";
				TEST_HOST = "$(BUILT_PRODUCTS_DIR)/brandi.app/brandi";
			};
			name = Debug;
		};
		04AEF853259D960900C3DA08 /* Release */ = {
			isa = XCBuildConfiguration;
			baseConfigurationReference = 7A05BD4463EAF347FC58364B /* Pods-brandiTests.release.xcconfig */;
			buildSettings = {
				ALWAYS_EMBED_SWIFT_STANDARD_LIBRARIES = YES;
				BUNDLE_LOADER = "$(TEST_HOST)";
				CODE_SIGN_STYLE = Automatic;
				INFOPLIST_FILE = brandiTests/Info.plist;
				IPHONEOS_DEPLOYMENT_TARGET = 14.3;
				LD_RUNPATH_SEARCH_PATHS = (
					"$(inherited)",
					"@executable_path/Frameworks",
					"@loader_path/Frameworks",
				);
				PRODUCT_BUNDLE_IDENTIFIER = brandi.brandiTests;
				PRODUCT_NAME = "$(TARGET_NAME)";
				SWIFT_VERSION = 5.0;
				TARGETED_DEVICE_FAMILY = "1,2";
				TEST_HOST = "$(BUILT_PRODUCTS_DIR)/brandi.app/brandi";
			};
			name = Release;
		};
		04AEF855259D960900C3DA08 /* Debug */ = {
			isa = XCBuildConfiguration;
			baseConfigurationReference = 65C1DDE9B11E04F638BE8E12 /* Pods-brandi-brandiUITests.debug.xcconfig */;
			buildSettings = {
				ALWAYS_EMBED_SWIFT_STANDARD_LIBRARIES = YES;
				CODE_SIGN_STYLE = Automatic;
				INFOPLIST_FILE = brandiUITests/Info.plist;
				LD_RUNPATH_SEARCH_PATHS = (
					"$(inherited)",
					"@executable_path/Frameworks",
					"@loader_path/Frameworks",
				);
				PRODUCT_BUNDLE_IDENTIFIER = brandi.brandiUITests;
				PRODUCT_NAME = "$(TARGET_NAME)";
				SWIFT_VERSION = 5.0;
				TARGETED_DEVICE_FAMILY = "1,2";
				TEST_TARGET_NAME = brandi;
			};
			name = Debug;
		};
		04AEF856259D960900C3DA08 /* Release */ = {
			isa = XCBuildConfiguration;
			baseConfigurationReference = 78A7FC4AD62A5810FE52D306 /* Pods-brandi-brandiUITests.release.xcconfig */;
			buildSettings = {
				ALWAYS_EMBED_SWIFT_STANDARD_LIBRARIES = YES;
				CODE_SIGN_STYLE = Automatic;
				INFOPLIST_FILE = brandiUITests/Info.plist;
				LD_RUNPATH_SEARCH_PATHS = (
					"$(inherited)",
					"@executable_path/Frameworks",
					"@loader_path/Frameworks",
				);
				PRODUCT_BUNDLE_IDENTIFIER = brandi.brandiUITests;
				PRODUCT_NAME = "$(TARGET_NAME)";
				SWIFT_VERSION = 5.0;
				TARGETED_DEVICE_FAMILY = "1,2";
				TEST_TARGET_NAME = brandi;
			};
			name = Release;
		};
/* End XCBuildConfiguration section */

/* Begin XCConfigurationList section */
		04AEF81F259D960800C3DA08 /* Build configuration list for PBXProject "brandi" */ = {
			isa = XCConfigurationList;
			buildConfigurations = (
				04AEF84C259D960900C3DA08 /* Debug */,
				04AEF84D259D960900C3DA08 /* Release */,
			);
			defaultConfigurationIsVisible = 0;
			defaultConfigurationName = Release;
		};
		04AEF84E259D960900C3DA08 /* Build configuration list for PBXNativeTarget "brandi" */ = {
			isa = XCConfigurationList;
			buildConfigurations = (
				04AEF84F259D960900C3DA08 /* Debug */,
				04AEF850259D960900C3DA08 /* Release */,
			);
			defaultConfigurationIsVisible = 0;
			defaultConfigurationName = Release;
		};
		04AEF851259D960900C3DA08 /* Build configuration list for PBXNativeTarget "brandiTests" */ = {
			isa = XCConfigurationList;
			buildConfigurations = (
				04AEF852259D960900C3DA08 /* Debug */,
				04AEF853259D960900C3DA08 /* Release */,
			);
			defaultConfigurationIsVisible = 0;
			defaultConfigurationName = Release;
		};
		04AEF854259D960900C3DA08 /* Build configuration list for PBXNativeTarget "brandiUITests" */ = {
			isa = XCConfigurationList;
			buildConfigurations = (
				04AEF855259D960900C3DA08 /* Debug */,
				04AEF856259D960900C3DA08 /* Release */,
			);
			defaultConfigurationIsVisible = 0;
			defaultConfigurationName = Release;
		};
/* End XCConfigurationList section */
	};
	rootObject = 04AEF81C259D960800C3DA08 /* Project object */;
}
